
Microsoft Visual Studio Solution File, Format Version 12.00
# Visual Studio 15
VisualStudioVersion = 15.0.28307.852
MinimumVisualStudioVersion = 10.0.40219.1
Project("{FAE04EC0-301F-11D3-BF4B-00C04F79EFBC}") = "BasicOOP1", "BasicOOP1\BasicOOP1.csproj", "{961E5B0B-1DBF-4EBE-90D4-EA605EC7CB7C}"
EndProject
Global
	GlobalSection(SolutionConfigurationPlatforms) = preSolution
		Debug|Any CPU = Debug|Any CPU
		Release|Any CPU = Release|Any CPU
	EndGlobalSection
	GlobalSection(ProjectConfigurationPlatforms) = postSolution
		{961E5B0B-1DBF-4EBE-90D4-EA605EC7CB7C}.Debug|Any CPU.ActiveCfg = Debug|Any CPU
		{961E5B0B-1DBF-4EBE-90D4-EA605EC7CB7C}.Debug|Any CPU.Build.0 = Debug|Any CPU
		{961E5B0B-1DBF-4EBE-90D4-EA605EC7CB7C}.Release|Any CPU.ActiveCfg = Release|Any CPU
		{961E5B0B-1DBF-4EBE-90D4-EA605EC7CB7C}.Release|Any CPU.Build.0 = Release|Any CPU
	EndGlobalSection
	GlobalSection(SolutionProperties) = preSolution
		HideSolutionNode = FALSE
	EndGlobalSection
	GlobalSection(ExtensibilityGlobals) = postSolution
		SolutionGuid = {2EB6663C-9635-40BC-BC61-8EFA74CA72FE}
	EndGlobalSection
EndGlobal
